# This file is autogenerated, do not edit; changes may be undone by the next 'dep ensure'.


[[projects]]
  branch = "master"
  name = "github.com/iotaledger/giota"
  packages = ["cl"]
  revision = "7d2b62e8d0e7fdc856635ebb3b37faa8124dbdac"

[[projects]]
  branch = "master"
  name = "github.com/iotaledger/iota.lib.go"
  packages = ["."]
  revision = "7d2b62e8d0e7fdc856635ebb3b37faa8124dbdac"

[[projects]]
  branch = "master"
  name = "golang.org/x/crypto"
  packages = ["ssh/terminal"]
  revision = "0fcca4842a8d74bfddc2c96a073bd2a4d2a7a2e8"

[[projects]]
  branch = "master"
  name = "golang.org/x/sys"
  packages = ["unix","windows"]
  revision = "dd9ec17814d5b1de388ebe438ec013d57d8b3779"

[[projects]]
  branch = "master"
  name = "leb.io/hashland"
  packages = ["keccakpg"]
  revision = "07375b562deaa8d6891f9618a04e94a0b98e2ee7"

[solve-meta]
  analyzer-name = "dep"
  analyzer-version = 1
  inputs-digest = "c64fc52aa7d5ddc5eb13e2be65593a8bb900cd6e53987cc8940ef173a0b072ff"
  solver-name = "gps-cdcl"
  solver-version = 1
