# This file is autogenerated, do not edit; changes may be undone by the next 'dep ensure'.


[[projects]]
  branch = "master"
  name = "leb.io/hashland"
  packages = ["keccakpg"]
  revision = "07375b562deaa8d6891f9618a04e94a0b98e2ee7"

[solve-meta]
  analyzer-name = "dep"
  analyzer-version = 1
  inputs-digest = "9066d8b731b25b4785161ed1f8dba4d59c42554b650f9c269f1be126227ab3fa"
  solver-name = "gps-cdcl"
  solver-version = 1
